
Microsoft Visual Studio Solution File, Format Version 12.00
# Visual Studio Version 17
VisualStudioVersion = 17.7.34221.43
MinimumVisualStudioVersion = 10.0.40219.1
Project("{FAE04EC0-301F-11D3-BF4B-00C04F79EFBC}") = "Telefon Rehberi 3", "Telefon Rehberi 3\Telefon Rehberi 3.csproj", "{1AB7109E-45A5-468C-9B88-8FDFCF41D181}"
EndProject
Global
	GlobalSection(SolutionConfigurationPlatforms) = preSolution
		Debug|Any CPU = Debug|Any CPU
		Release|Any CPU = Release|Any CPU
	EndGlobalSection
	GlobalSection(ProjectConfigurationPlatforms) = postSolution
		{1AB7109E-45A5-468C-9B88-8FDFCF41D181}.Debug|Any CPU.ActiveCfg = Debug|Any CPU
		{1AB7109E-45A5-468C-9B88-8FDFCF41D181}.Debug|Any CPU.Build.0 = Debug|Any CPU
		{1AB7109E-45A5-468C-9B88-8FDFCF41D181}.Release|Any CPU.ActiveCfg = Release|Any CPU
		{1AB7109E-45A5-468C-9B88-8FDFCF41D181}.Release|Any CPU.Build.0 = Release|Any CPU
	EndGlobalSection
	GlobalSection(SolutionProperties) = preSolution
		HideSolutionNode = FALSE
	EndGlobalSection
	GlobalSection(ExtensibilityGlobals) = postSolution
		SolutionGuid = {EF2F07CB-636B-4EC4-AE64-6288D896F8E4}
	EndGlobalSection
EndGlobal
